// !$*UTF8*$!
{
	archiveVersion = 1;
	classes = {
	};
	objectVersion = 46;
	objects = {

/* Begin PBXBuildFile section */
		DA0833E418C040FA00C9E9E5 /* JSONKit.m in Sources */ = {isa = PBXBuildFile; fileRef = DA0833E318C040FA00C9E9E5 /* JSONKit.m */; settings = {COMPILER_FLAGS = "-fno-objc-arc"; }; };
		DAB4A19418C594C10028FA1B /* Avatar.m in Sources */ = {isa = PBXBuildFile; fileRef = DAB4A13E18C594C00028FA1B /* Avatar.m */; };
		DAB4A19518C594C10028FA1B /* Comments.m in Sources */ = {isa = PBXBuildFile; fileRef = DAB4A14018C594C00028FA1B /* Comments.m */; };
		DAB4A19618C594C10028FA1B /* Compress.m in Sources */ = {isa = PBXBuildFile; fileRef = DAB4A14218C594C00028FA1B /* Compress.m */; };
		DAB4A19718C594C10028FA1B /* CourseIndex.m in Sources */ = {isa = PBXBuildFile; fileRef = DAB4A14418C594C00028FA1B /* CourseIndex.m */; };
		DAB4A19818C594C10028FA1B /* Courses.m in Sources */ = {isa = PBXBuildFile; fileRef = DAB4A14618C594C00028FA1B /* Courses.m */; };
		DAB4A19918C594C10028FA1B /* Coverphoto.m in Sources */ = {isa = PBXBuildFile; fileRef = DAB4A14818C594C00028FA1B /* Coverphoto.m */; };
		DAB4A19A18C594C10028FA1B /* Expanded.m in Sources */ = {isa = PBXBuildFile; fileRef = DAB4A14B18C594C00028FA1B /* Expanded.m */; };
		DAB4A19B18C594C10028FA1B /* Feed.m in Sources */ = {isa = PBXBuildFile; fileRef = DAB4A14D18C594C00028FA1B /* Feed.m */; };
		DAB4A19C18C594C10028FA1B /* Head.m in Sources */ = {isa = PBXBuildFile; fileRef = DAB4A14F18C594C00028FA1B /* Head.m */; };
		DAB4A19D18C594C10028FA1B /* ImageFront.m in Sources */ = {isa = PBXBuildFile; fileRef = DAB4A15118C594C00028FA1B /* ImageFront.m */; };
		DAB4A19E18C594C10028FA1B /* Likes.m in Sources */ = {isa = PBXBuildFile; fileRef = DAB4A15318C594C00028FA1B /* Likes.m */; };
		DAB4A19F18C594C10028FA1B /* Logo.m in Sources */ = {isa = PBXBuildFile; fileRef = DAB4A15518C594C00028FA1B /* Logo.m */; };
		DAB4A1A018C594C10028FA1B /* Mini.m in Sources */ = {isa = PBXBuildFile; fileRef = DAB4A15718C594C00028FA1B /* Mini.m */; };
		DAB4A1A118C594C10028FA1B /* Modern.m in Sources */ = {isa = PBXBuildFile; fileRef = DAB4A15918C594C00028FA1B /* Modern.m */; };
		DAB4A1A218C594C10028FA1B /* Mosaic.m in Sources */ = {isa = PBXBuildFile; fileRef = DAB4A15B18C594C00028FA1B /* Mosaic.m */; };
		DAB4A1A318C594C10028FA1B /* Network.m in Sources */ = {isa = PBXBuildFile; fileRef = DAB4A15D18C594C00028FA1B /* Network.m */; };
		DAB4A1A418C594C10028FA1B /* Profile.m in Sources */ = {isa = PBXBuildFile; fileRef = DAB4A15F18C594C00028FA1B /* Profile.m */; };
		DAB4A1A518C594C10028FA1B /* Publication.m in Sources */ = {isa = PBXBuildFile; fileRef = DAB4A16118C594C00028FA1B /* Publication.m */; };
		DAB4A1A618C594C10028FA1B /* Publications.m in Sources */ = {isa = PBXBuildFile; fileRef = DAB4A16318C594C00028FA1B /* Publications.m */; };
		DAB4A1A718C594C10028FA1B /* Response.m in Sources */ = {isa = PBXBuildFile; fileRef = DAB4A16518C594C00028FA1B /* Response.m */; };
		DAB4A1A818C594C10028FA1B /* Square.m in Sources */ = {isa = PBXBuildFile; fileRef = DAB4A16718C594C00028FA1B /* Square.m */; };
		DAB4A1A918C594C10028FA1B /* User.m in Sources */ = {isa = PBXBuildFile; fileRef = DAB4A16918C594C00028FA1B /* User.m */; };
		DAB4A1AA18C594C10028FA1B /* Users.m in Sources */ = {isa = PBXBuildFile; fileRef = DAB4A16B18C594C00028FA1B /* Users.m */; };
		DAB4A1AB18C594C10028FA1B /* CursameAvatar.m in Sources */ = {isa = PBXBuildFile; fileRef = DAB4A16E18C594C00028FA1B /* CursameAvatar.m */; };
		DAB4A1AC18C594C10028FA1B /* CursameBaseClass.m in Sources */ = {isa = PBXBuildFile; fileRef = DAB4A17018C594C00028FA1B /* CursameBaseClass.m */; };
		DAB4A1AD18C594C10028FA1B /* CursameChannel.m in Sources */ = {isa = PBXBuildFile; fileRef = DAB4A17218C594C00028FA1B /* CursameChannel.m */; };
		DAB4A1AE18C594C10028FA1B /* CursameCompress.m in Sources */ = {isa = PBXBuildFile; fileRef = DAB4A17418C594C00028FA1B /* CursameCompress.m */; };
		DAB4A1AF18C594C10028FA1B /* CursameCourseIndex.m in Sources */ = {isa = PBXBuildFile; fileRef = DAB4A17618C594C00028FA1B /* CursameCourseIndex.m */; };
		DAB4A1B018C594C10028FA1B /* CursameCoverphoto.m in Sources */ = {isa = PBXBuildFile; fileRef = DAB4A17818C594C00028FA1B /* CursameCoverphoto.m */; };
		DAB4A1B118C594C10028FA1B /* CursameExpanded.m in Sources */ = {isa = PBXBuildFile; fileRef = DAB4A17A18C594C00028FA1B /* CursameExpanded.m */; };
		DAB4A1B218C594C10028FA1B /* CursameHead.m in Sources */ = {isa = PBXBuildFile; fileRef = DAB4A17C18C594C10028FA1B /* CursameHead.m */; };
		DAB4A1B318C594C10028FA1B /* CursameImageFront.m in Sources */ = {isa = PBXBuildFile; fileRef = DAB4A17E18C594C10028FA1B /* CursameImageFront.m */; };
		DAB4A1B418C594C10028FA1B /* CursameMini.m in Sources */ = {isa = PBXBuildFile; fileRef = DAB4A18118C594C10028FA1B /* CursameMini.m */; };
		DAB4A1B518C594C10028FA1B /* CursameModern.m in Sources */ = {isa = PBXBuildFile; fileRef = DAB4A18318C594C10028FA1B /* CursameModern.m */; };
		DAB4A1B618C594C10028FA1B /* CursameMosaic.m in Sources */ = {isa = PBXBuildFile; fileRef = DAB4A18518C594C10028FA1B /* CursameMosaic.m */; };
		DAB4A1B718C594C10028FA1B /* CursameNetworks.m in Sources */ = {isa = PBXBuildFile; fileRef = DAB4A18718C594C10028FA1B /* CursameNetworks.m */; };
		DAB4A1B818C594C10028FA1B /* CursameNotifications.m in Sources */ = {isa = PBXBuildFile; fileRef = DAB4A18918C594C10028FA1B /* CursameNotifications.m */; };
		DAB4A1B918C594C10028FA1B /* CursameProfile.m in Sources */ = {isa = PBXBuildFile; fileRef = DAB4A18B18C594C10028FA1B /* CursameProfile.m */; };
		DAB4A1BA18C594C10028FA1B /* CursameResponse.m in Sources */ = {isa = PBXBuildFile; fileRef = DAB4A18D18C594C10028FA1B /* CursameResponse.m */; };
		DAB4A1BB18C594C10028FA1B /* CursameRoles.m in Sources */ = {isa = PBXBuildFile; fileRef = DAB4A18F18C594C10028FA1B /* CursameRoles.m */; };
		DAB4A1BC18C594C10028FA1B /* CursameSquare.m in Sources */ = {isa = PBXBuildFile; fileRef = DAB4A19118C594C10028FA1B /* CursameSquare.m */; };
		DAB4A1BD18C594C10028FA1B /* CursameUser.m in Sources */ = {isa = PBXBuildFile; fileRef = DAB4A19318C594C10028FA1B /* CursameUser.m */; };
		DAF045F418B04E12008C58AF /* MBProgressHUD.m in Sources */ = {isa = PBXBuildFile; fileRef = DAF045F318B04E12008C58AF /* MBProgressHUD.m */; };
		DAF6146B18A9A2060020DC23 /* Foundation.framework in Frameworks */ = {isa = PBXBuildFile; fileRef = DAF6146A18A9A2060020DC23 /* Foundation.framework */; };
		DAF6146D18A9A2060020DC23 /* CoreGraphics.framework in Frameworks */ = {isa = PBXBuildFile; fileRef = DAF6146C18A9A2060020DC23 /* CoreGraphics.framework */; };
		DAF6146F18A9A2060020DC23 /* UIKit.framework in Frameworks */ = {isa = PBXBuildFile; fileRef = DAF6146E18A9A2060020DC23 /* UIKit.framework */; };
		DAF6147518A9A2060020DC23 /* InfoPlist.strings in Resources */ = {isa = PBXBuildFile; fileRef = DAF6147318A9A2060020DC23 /* InfoPlist.strings */; };
		DAF6147718A9A2060020DC23 /* main.m in Sources */ = {isa = PBXBuildFile; fileRef = DAF6147618A9A2060020DC23 /* main.m */; };
		DAF6147B18A9A2060020DC23 /* AppDelegate.m in Sources */ = {isa = PBXBuildFile; fileRef = DAF6147A18A9A2060020DC23 /* AppDelegate.m */; };
		DAF6148618A9A2070020DC23 /* Images.xcassets in Resources */ = {isa = PBXBuildFile; fileRef = DAF6148518A9A2070020DC23 /* Images.xcassets */; };
		DAF6148D18A9A2070020DC23 /* XCTest.framework in Frameworks */ = {isa = PBXBuildFile; fileRef = DAF6148C18A9A2070020DC23 /* XCTest.framework */; };
		DAF6148E18A9A2070020DC23 /* Foundation.framework in Frameworks */ = {isa = PBXBuildFile; fileRef = DAF6146A18A9A2060020DC23 /* Foundation.framework */; };
		DAF6148F18A9A2070020DC23 /* UIKit.framework in Frameworks */ = {isa = PBXBuildFile; fileRef = DAF6146E18A9A2060020DC23 /* UIKit.framework */; };
		DAF6149718A9A2070020DC23 /* InfoPlist.strings in Resources */ = {isa = PBXBuildFile; fileRef = DAF6149518A9A2070020DC23 /* InfoPlist.strings */; };
		DAF6149918A9A2070020DC23 /* CursameTests.m in Sources */ = {isa = PBXBuildFile; fileRef = DAF6149818A9A2070020DC23 /* CursameTests.m */; };
		DAF614A618AA01D20020DC23 /* MainStoryboard_iPad.storyboard in Resources */ = {isa = PBXBuildFile; fileRef = DAF614A218AA01D20020DC23 /* MainStoryboard_iPad.storyboard */; };
		DAF614A718AA01D20020DC23 /* MainStoryboard_iPhone.storyboard in Resources */ = {isa = PBXBuildFile; fileRef = DAF614A418AA01D20020DC23 /* MainStoryboard_iPhone.storyboard */; };
		DAF614C218AA02050020DC23 /* FriendsViewController.m in Sources */ = {isa = PBXBuildFile; fileRef = DAF614B918AA02050020DC23 /* FriendsViewController.m */; };
		DAF614C318AA02050020DC23 /* HomeViewController.m in Sources */ = {isa = PBXBuildFile; fileRef = DAF614BB18AA02050020DC23 /* HomeViewController.m */; };
		DAF614C418AA02050020DC23 /* MenuViewController.m in Sources */ = {isa = PBXBuildFile; fileRef = DAF614BD18AA02050020DC23 /* MenuViewController.m */; };
		DAF614C518AA02050020DC23 /* ProfileDetailViewController.m in Sources */ = {isa = PBXBuildFile; fileRef = DAF614BF18AA02050020DC23 /* ProfileDetailViewController.m */; };
		DAF614C618AA02050020DC23 /* ProfileViewController.m in Sources */ = {isa = PBXBuildFile; fileRef = DAF614C118AA02050020DC23 /* ProfileViewController.m */; };
		DAF614D918AA02140020DC23 /* SlideNavigationContorllerAnimatorFade.m in Sources */ = {isa = PBXBuildFile; fileRef = DAF614CB18AA02140020DC23 /* SlideNavigationContorllerAnimatorFade.m */; };
		DAF614DA18AA02140020DC23 /* SlideNavigationContorllerAnimatorScale.m in Sources */ = {isa = PBXBuildFile; fileRef = DAF614CD18AA02140020DC23 /* SlideNavigationContorllerAnimatorScale.m */; };
		DAF614DB18AA02140020DC23 /* SlideNavigationContorllerAnimatorScaleAndFade.m in Sources */ = {isa = PBXBuildFile; fileRef = DAF614CF18AA02140020DC23 /* SlideNavigationContorllerAnimatorScaleAndFade.m */; };
		DAF614DC18AA02140020DC23 /* SlideNavigationContorllerAnimatorSlide.m in Sources */ = {isa = PBXBuildFile; fileRef = DAF614D118AA02140020DC23 /* SlideNavigationContorllerAnimatorSlide.m */; };
		DAF614DD18AA02140020DC23 /* SlideNavigationContorllerAnimatorSlideAndFade.m in Sources */ = {isa = PBXBuildFile; fileRef = DAF614D318AA02140020DC23 /* SlideNavigationContorllerAnimatorSlideAndFade.m */; };
		DAF614DE18AA02140020DC23 /* menu-button.png in Resources */ = {isa = PBXBuildFile; fileRef = DAF614D518AA02140020DC23 /* menu-button.png */; };
		DAF614DF18AA02140020DC23 /* menu-button@2x.png in Resources */ = {isa = PBXBuildFile; fileRef = DAF614D618AA02140020DC23 /* menu-button@2x.png */; };
		DAF614E018AA02140020DC23 /* SlideNavigationController.m in Sources */ = {isa = PBXBuildFile; fileRef = DAF614D818AA02140020DC23 /* SlideNavigationController.m */; };
		DAF614E218AA02840020DC23 /* QuartzCore.framework in Frameworks */ = {isa = PBXBuildFile; fileRef = DAF614E118AA02840020DC23 /* QuartzCore.framework */; };
		DAF614E518AAD7EC0020DC23 /* LoginViewController.m in Sources */ = {isa = PBXBuildFile; fileRef = DAF614E418AAD7EC0020DC23 /* LoginViewController.m */; };
/* End PBXBuildFile section */

/* Begin PBXContainerItemProxy section */
		DAF6149018A9A2070020DC23 /* PBXContainerItemProxy */ = {
			isa = PBXContainerItemProxy;
			containerPortal = DAF6145F18A9A2060020DC23 /* Project object */;
			proxyType = 1;
			remoteGlobalIDString = DAF6146618A9A2060020DC23;
			remoteInfo = Cursame;
		};
/* End PBXContainerItemProxy section */

/* Begin PBXFileReference section */
		DA0833E218C040FA00C9E9E5 /* JSONKit.h */ = {isa = PBXFileReference; fileEncoding = 4; lastKnownFileType = sourcecode.c.h; path = JSONKit.h; sourceTree = "<group>"; };
		DA0833E318C040FA00C9E9E5 /* JSONKit.m */ = {isa = PBXFileReference; fileEncoding = 4; lastKnownFileType = sourcecode.c.objc; path = JSONKit.m; sourceTree = "<group>"; };
		DAB4A13D18C594C00028FA1B /* Avatar.h */ = {isa = PBXFileReference; fileEncoding = 4; lastKnownFileType = sourcecode.c.h; path = Avatar.h; sourceTree = "<group>"; };
		DAB4A13E18C594C00028FA1B /* Avatar.m */ = {isa = PBXFileReference; fileEncoding = 4; lastKnownFileType = sourcecode.c.objc; path = Avatar.m; sourceTree = "<group>"; };
		DAB4A13F18C594C00028FA1B /* Comments.h */ = {isa = PBXFileReference; fileEncoding = 4; lastKnownFileType = sourcecode.c.h; path = Comments.h; sourceTree = "<group>"; };
		DAB4A14018C594C00028FA1B /* Comments.m */ = {isa = PBXFileReference; fileEncoding = 4; lastKnownFileType = sourcecode.c.objc; path = Comments.m; sourceTree = "<group>"; };
		DAB4A14118C594C00028FA1B /* Compress.h */ = {isa = PBXFileReference; fileEncoding = 4; lastKnownFileType = sourcecode.c.h; path = Compress.h; sourceTree = "<group>"; };
		DAB4A14218C594C00028FA1B /* Compress.m */ = {isa = PBXFileReference; fileEncoding = 4; lastKnownFileType = sourcecode.c.objc; path = Compress.m; sourceTree = "<group>"; };
		DAB4A14318C594C00028FA1B /* CourseIndex.h */ = {isa = PBXFileReference; fileEncoding = 4; lastKnownFileType = sourcecode.c.h; path = CourseIndex.h; sourceTree = "<group>"; };
		DAB4A14418C594C00028FA1B /* CourseIndex.m */ = {isa = PBXFileReference; fileEncoding = 4; lastKnownFileType = sourcecode.c.objc; path = CourseIndex.m; sourceTree = "<group>"; };
		DAB4A14518C594C00028FA1B /* Courses.h */ = {isa = PBXFileReference; fileEncoding = 4; lastKnownFileType = sourcecode.c.h; path = Courses.h; sourceTree = "<group>"; };
		DAB4A14618C594C00028FA1B /* Courses.m */ = {isa = PBXFileReference; fileEncoding = 4; lastKnownFileType = sourcecode.c.objc; path = Courses.m; sourceTree = "<group>"; };
		DAB4A14718C594C00028FA1B /* Coverphoto.h */ = {isa = PBXFileReference; fileEncoding = 4; lastKnownFileType = sourcecode.c.h; path = Coverphoto.h; sourceTree = "<group>"; };
		DAB4A14818C594C00028FA1B /* Coverphoto.m */ = {isa = PBXFileReference; fileEncoding = 4; lastKnownFileType = sourcecode.c.objc; path = Coverphoto.m; sourceTree = "<group>"; };
		DAB4A14918C594C00028FA1B /* DataModels.h */ = {isa = PBXFileReference; fileEncoding = 4; lastKnownFileType = sourcecode.c.h; path = DataModels.h; sourceTree = "<group>"; };
		DAB4A14A18C594C00028FA1B /* Expanded.h */ = {isa = PBXFileReference; fileEncoding = 4; lastKnownFileType = sourcecode.c.h; path = Expanded.h; sourceTree = "<group>"; };
		DAB4A14B18C594C00028FA1B /* Expanded.m */ = {isa = PBXFileReference; fileEncoding = 4; lastKnownFileType = sourcecode.c.objc; path = Expanded.m; sourceTree = "<group>"; };
		DAB4A14C18C594C00028FA1B /* Feed.h */ = {isa = PBXFileReference; fileEncoding = 4; lastKnownFileType = sourcecode.c.h; path = Feed.h; sourceTree = "<group>"; };
		DAB4A14D18C594C00028FA1B /* Feed.m */ = {isa = PBXFileReference; fileEncoding = 4; lastKnownFileType = sourcecode.c.objc; path = Feed.m; sourceTree = "<group>"; };
		DAB4A14E18C594C00028FA1B /* Head.h */ = {isa = PBXFileReference; fileEncoding = 4; lastKnownFileType = sourcecode.c.h; path = Head.h; sourceTree = "<group>"; };
		DAB4A14F18C594C00028FA1B /* Head.m */ = {isa = PBXFileReference; fileEncoding = 4; lastKnownFileType = sourcecode.c.objc; path = Head.m; sourceTree = "<group>"; };
		DAB4A15018C594C00028FA1B /* ImageFront.h */ = {isa = PBXFileReference; fileEncoding = 4; lastKnownFileType = sourcecode.c.h; path = ImageFront.h; sourceTree = "<group>"; };
		DAB4A15118C594C00028FA1B /* ImageFront.m */ = {isa = PBXFileReference; fileEncoding = 4; lastKnownFileType = sourcecode.c.objc; path = ImageFront.m; sourceTree = "<group>"; };
		DAB4A15218C594C00028FA1B /* Likes.h */ = {isa = PBXFileReference; fileEncoding = 4; lastKnownFileType = sourcecode.c.h; path = Likes.h; sourceTree = "<group>"; };
		DAB4A15318C594C00028FA1B /* Likes.m */ = {isa = PBXFileReference; fileEncoding = 4; lastKnownFileType = sourcecode.c.objc; path = Likes.m; sourceTree = "<group>"; };
		DAB4A15418C594C00028FA1B /* Logo.h */ = {isa = PBXFileReference; fileEncoding = 4; lastKnownFileType = sourcecode.c.h; path = Logo.h; sourceTree = "<group>"; };
		DAB4A15518C594C00028FA1B /* Logo.m */ = {isa = PBXFileReference; fileEncoding = 4; lastKnownFileType = sourcecode.c.objc; path = Logo.m; sourceTree = "<group>"; };
		DAB4A15618C594C00028FA1B /* Mini.h */ = {isa = PBXFileReference; fileEncoding = 4; lastKnownFileType = sourcecode.c.h; path = Mini.h; sourceTree = "<group>"; };
		DAB4A15718C594C00028FA1B /* Mini.m */ = {isa = PBXFileReference; fileEncoding = 4; lastKnownFileType = sourcecode.c.objc; path = Mini.m; sourceTree = "<group>"; };
		DAB4A15818C594C00028FA1B /* Modern.h */ = {isa = PBXFileReference; fileEncoding = 4; lastKnownFileType = sourcecode.c.h; path = Modern.h; sourceTree = "<group>"; };
		DAB4A15918C594C00028FA1B /* Modern.m */ = {isa = PBXFileReference; fileEncoding = 4; lastKnownFileType = sourcecode.c.objc; path = Modern.m; sourceTree = "<group>"; };
		DAB4A15A18C594C00028FA1B /* Mosaic.h */ = {isa = PBXFileReference; fileEncoding = 4; lastKnownFileType = sourcecode.c.h; path = Mosaic.h; sourceTree = "<group>"; };
		DAB4A15B18C594C00028FA1B /* Mosaic.m */ = {isa = PBXFileReference; fileEncoding = 4; lastKnownFileType = sourcecode.c.objc; path = Mosaic.m; sourceTree = "<group>"; };
		DAB4A15C18C594C00028FA1B /* Network.h */ = {isa = PBXFileReference; fileEncoding = 4; lastKnownFileType = sourcecode.c.h; path = Network.h; sourceTree = "<group>"; };
		DAB4A15D18C594C00028FA1B /* Network.m */ = {isa = PBXFileReference; fileEncoding = 4; lastKnownFileType = sourcecode.c.objc; path = Network.m; sourceTree = "<group>"; };
		DAB4A15E18C594C00028FA1B /* Profile.h */ = {isa = PBXFileReference; fileEncoding = 4; lastKnownFileType = sourcecode.c.h; path = Profile.h; sourceTree = "<group>"; };
		DAB4A15F18C594C00028FA1B /* Profile.m */ = {isa = PBXFileReference; fileEncoding = 4; lastKnownFileType = sourcecode.c.objc; path = Profile.m; sourceTree = "<group>"; };
		DAB4A16018C594C00028FA1B /* Publication.h */ = {isa = PBXFileReference; fileEncoding = 4; lastKnownFileType = sourcecode.c.h; path = Publication.h; sourceTree = "<group>"; };
		DAB4A16118C594C00028FA1B /* Publication.m */ = {isa = PBXFileReference; fileEncoding = 4; lastKnownFileType = sourcecode.c.objc; path = Publication.m; sourceTree = "<group>"; };
		DAB4A16218C594C00028FA1B /* Publications.h */ = {isa = PBXFileReference; fileEncoding = 4; lastKnownFileType = sourcecode.c.h; path = Publications.h; sourceTree = "<group>"; };
		DAB4A16318C594C00028FA1B /* Publications.m */ = {isa = PBXFileReference; fileEncoding = 4; lastKnownFileType = sourcecode.c.objc; path = Publications.m; sourceTree = "<group>"; };
		DAB4A16418C594C00028FA1B /* Response.h */ = {isa = PBXFileReference; fileEncoding = 4; lastKnownFileType = sourcecode.c.h; path = Response.h; sourceTree = "<group>"; };
		DAB4A16518C594C00028FA1B /* Response.m */ = {isa = PBXFileReference; fileEncoding = 4; lastKnownFileType = sourcecode.c.objc; path = Response.m; sourceTree = "<group>"; };
		DAB4A16618C594C00028FA1B /* Square.h */ = {isa = PBXFileReference; fileEncoding = 4; lastKnownFileType = sourcecode.c.h; path = Square.h; sourceTree = "<group>"; };
		DAB4A16718C594C00028FA1B /* Square.m */ = {isa = PBXFileReference; fileEncoding = 4; lastKnownFileType = sourcecode.c.objc; path = Square.m; sourceTree = "<group>"; };
		DAB4A16818C594C00028FA1B /* User.h */ = {isa = PBXFileReference; fileEncoding = 4; lastKnownFileType = sourcecode.c.h; path = User.h; sourceTree = "<group>"; };
		DAB4A16918C594C00028FA1B /* User.m */ = {isa = PBXFileReference; fileEncoding = 4; lastKnownFileType = sourcecode.c.objc; path = User.m; sourceTree = "<group>"; };
		DAB4A16A18C594C00028FA1B /* Users.h */ = {isa = PBXFileReference; fileEncoding = 4; lastKnownFileType = sourcecode.c.h; path = Users.h; sourceTree = "<group>"; };
		DAB4A16B18C594C00028FA1B /* Users.m */ = {isa = PBXFileReference; fileEncoding = 4; lastKnownFileType = sourcecode.c.objc; path = Users.m; sourceTree = "<group>"; };
		DAB4A16D18C594C00028FA1B /* CursameAvatar.h */ = {isa = PBXFileReference; fileEncoding = 4; lastKnownFileType = sourcecode.c.h; path = CursameAvatar.h; sourceTree = "<group>"; };
		DAB4A16E18C594C00028FA1B /* CursameAvatar.m */ = {isa = PBXFileReference; fileEncoding = 4; lastKnownFileType = sourcecode.c.objc; path = CursameAvatar.m; sourceTree = "<group>"; };
		DAB4A16F18C594C00028FA1B /* CursameBaseClass.h */ = {isa = PBXFileReference; fileEncoding = 4; lastKnownFileType = sourcecode.c.h; path = CursameBaseClass.h; sourceTree = "<group>"; };
		DAB4A17018C594C00028FA1B /* CursameBaseClass.m */ = {isa = PBXFileReference; fileEncoding = 4; lastKnownFileType = sourcecode.c.objc; path = CursameBaseClass.m; sourceTree = "<group>"; };
		DAB4A17118C594C00028FA1B /* CursameChannel.h */ = {isa = PBXFileReference; fileEncoding = 4; lastKnownFileType = sourcecode.c.h; path = CursameChannel.h; sourceTree = "<group>"; };
		DAB4A17218C594C00028FA1B /* CursameChannel.m */ = {isa = PBXFileReference; fileEncoding = 4; lastKnownFileType = sourcecode.c.objc; path = CursameChannel.m; sourceTree = "<group>"; };
		DAB4A17318C594C00028FA1B /* CursameCompress.h */ = {isa = PBXFileReference; fileEncoding = 4; lastKnownFileType = sourcecode.c.h; path = CursameCompress.h; sourceTree = "<group>"; };
		DAB4A17418C594C00028FA1B /* CursameCompress.m */ = {isa = PBXFileReference; fileEncoding = 4; lastKnownFileType = sourcecode.c.objc; path = CursameCompress.m; sourceTree = "<group>"; };
		DAB4A17518C594C00028FA1B /* CursameCourseIndex.h */ = {isa = PBXFileReference; fileEncoding = 4; lastKnownFileType = sourcecode.c.h; path = CursameCourseIndex.h; sourceTree = "<group>"; };
		DAB4A17618C594C00028FA1B /* CursameCourseIndex.m */ = {isa = PBXFileReference; fileEncoding = 4; lastKnownFileType = sourcecode.c.objc; path = CursameCourseIndex.m; sourceTree = "<group>"; };
		DAB4A17718C594C00028FA1B /* CursameCoverphoto.h */ = {isa = PBXFileReference; fileEncoding = 4; lastKnownFileType = sourcecode.c.h; path = CursameCoverphoto.h; sourceTree = "<group>"; };
		DAB4A17818C594C00028FA1B /* CursameCoverphoto.m */ = {isa = PBXFileReference; fileEncoding = 4; lastKnownFileType = sourcecode.c.objc; path = CursameCoverphoto.m; sourceTree = "<group>"; };
		DAB4A17918C594C00028FA1B /* CursameExpanded.h */ = {isa = PBXFileReference; fileEncoding = 4; lastKnownFileType = sourcecode.c.h; path = CursameExpanded.h; sourceTree = "<group>"; };
		DAB4A17A18C594C00028FA1B /* CursameExpanded.m */ = {isa = PBXFileReference; fileEncoding = 4; lastKnownFileType = sourcecode.c.objc; path = CursameExpanded.m; sourceTree = "<group>"; };
		DAB4A17B18C594C00028FA1B /* CursameHead.h */ = {isa = PBXFileReference; fileEncoding = 4; lastKnownFileType = sourcecode.c.h; path = CursameHead.h; sourceTree = "<group>"; };
		DAB4A17C18C594C10028FA1B /* CursameHead.m */ = {isa = PBXFileReference; fileEncoding = 4; lastKnownFileType = sourcecode.c.objc; path = CursameHead.m; sourceTree = "<group>"; };
		DAB4A17D18C594C10028FA1B /* CursameImageFront.h */ = {isa = PBXFileReference; fileEncoding = 4; lastKnownFileType = sourcecode.c.h; path = CursameImageFront.h; sourceTree = "<group>"; };
		DAB4A17E18C594C10028FA1B /* CursameImageFront.m */ = {isa = PBXFileReference; fileEncoding = 4; lastKnownFileType = sourcecode.c.objc; path = CursameImageFront.m; sourceTree = "<group>"; };
		DAB4A17F18C594C10028FA1B /* CursameLogo.h */ = {isa = PBXFileReference; fileEncoding = 4; lastKnownFileType = sourcecode.c.h; path = CursameLogo.h; sourceTree = "<group>"; };
		DAB4A18018C594C10028FA1B /* CursameMini.h */ = {isa = PBXFileReference; fileEncoding = 4; lastKnownFileType = sourcecode.c.h; path = CursameMini.h; sourceTree = "<group>"; };
		DAB4A18118C594C10028FA1B /* CursameMini.m */ = {isa = PBXFileReference; fileEncoding = 4; lastKnownFileType = sourcecode.c.objc; path = CursameMini.m; sourceTree = "<group>"; };
		DAB4A18218C594C10028FA1B /* CursameModern.h */ = {isa = PBXFileReference; fileEncoding = 4; lastKnownFileType = sourcecode.c.h; path = CursameModern.h; sourceTree = "<group>"; };
		DAB4A18318C594C10028FA1B /* CursameModern.m */ = {isa = PBXFileReference; fileEncoding = 4; lastKnownFileType = sourcecode.c.objc; path = CursameModern.m; sourceTree = "<group>"; };
		DAB4A18418C594C10028FA1B /* CursameMosaic.h */ = {isa = PBXFileReference; fileEncoding = 4; lastKnownFileType = sourcecode.c.h; path = CursameMosaic.h; sourceTree = "<group>"; };
		DAB4A18518C594C10028FA1B /* CursameMosaic.m */ = {isa = PBXFileReference; fileEncoding = 4; lastKnownFileType = sourcecode.c.objc; path = CursameMosaic.m; sourceTree = "<group>"; };
		DAB4A18618C594C10028FA1B /* CursameNetworks.h */ = {isa = PBXFileReference; fileEncoding = 4; lastKnownFileType = sourcecode.c.h; path = CursameNetworks.h; sourceTree = "<group>"; };
		DAB4A18718C594C10028FA1B /* CursameNetworks.m */ = {isa = PBXFileReference; fileEncoding = 4; lastKnownFileType = sourcecode.c.objc; path = CursameNetworks.m; sourceTree = "<group>"; };
		DAB4A18818C594C10028FA1B /* CursameNotifications.h */ = {isa = PBXFileReference; fileEncoding = 4; lastKnownFileType = sourcecode.c.h; path = CursameNotifications.h; sourceTree = "<group>"; };
		DAB4A18918C594C10028FA1B /* CursameNotifications.m */ = {isa = PBXFileReference; fileEncoding = 4; lastKnownFileType = sourcecode.c.objc; path = CursameNotifications.m; sourceTree = "<group>"; };
		DAB4A18A18C594C10028FA1B /* CursameProfile.h */ = {isa = PBXFileReference; fileEncoding = 4; lastKnownFileType = sourcecode.c.h; path = CursameProfile.h; sourceTree = "<group>"; };
		DAB4A18B18C594C10028FA1B /* CursameProfile.m */ = {isa = PBXFileReference; fileEncoding = 4; lastKnownFileType = sourcecode.c.objc; path = CursameProfile.m; sourceTree = "<group>"; };
		DAB4A18C18C594C10028FA1B /* CursameResponse.h */ = {isa = PBXFileReference; fileEncoding = 4; lastKnownFileType = sourcecode.c.h; path = CursameResponse.h; sourceTree = "<group>"; };
		DAB4A18D18C594C10028FA1B /* CursameResponse.m */ = {isa = PBXFileReference; fileEncoding = 4; lastKnownFileType = sourcecode.c.objc; path = CursameResponse.m; sourceTree = "<group>"; };
		DAB4A18E18C594C10028FA1B /* CursameRoles.h */ = {isa = PBXFileReference; fileEncoding = 4; lastKnownFileType = sourcecode.c.h; path = CursameRoles.h; sourceTree = "<group>"; };
		DAB4A18F18C594C10028FA1B /* CursameRoles.m */ = {isa = PBXFileReference; fileEncoding = 4; lastKnownFileType = sourcecode.c.objc; path = CursameRoles.m; sourceTree = "<group>"; };
		DAB4A19018C594C10028FA1B /* CursameSquare.h */ = {isa = PBXFileReference; fileEncoding = 4; lastKnownFileType = sourcecode.c.h; path = CursameSquare.h; sourceTree = "<group>"; };
		DAB4A19118C594C10028FA1B /* CursameSquare.m */ = {isa = PBXFileReference; fileEncoding = 4; lastKnownFileType = sourcecode.c.objc; path = CursameSquare.m; sourceTree = "<group>"; };
		DAB4A19218C594C10028FA1B /* CursameUser.h */ = {isa = PBXFileReference; fileEncoding = 4; lastKnownFileType = sourcecode.c.h; path = CursameUser.h; sourceTree = "<group>"; };
		DAB4A19318C594C10028FA1B /* CursameUser.m */ = {isa = PBXFileReference; fileEncoding = 4; lastKnownFileType = sourcecode.c.objc; path = CursameUser.m; sourceTree = "<group>"; };
		DAF045EF18AC396B008C58AF /* Constants.h */ = {isa = PBXFileReference; fileEncoding = 4; lastKnownFileType = sourcecode.c.h; path = Constants.h; sourceTree = "<group>"; };
		DAF045F218B04E12008C58AF /* MBProgressHUD.h */ = {isa = PBXFileReference; fileEncoding = 4; lastKnownFileType = sourcecode.c.h; path = MBProgressHUD.h; sourceTree = "<group>"; };
		DAF045F318B04E12008C58AF /* MBProgressHUD.m */ = {isa = PBXFileReference; fileEncoding = 4; lastKnownFileType = sourcecode.c.objc; path = MBProgressHUD.m; sourceTree = "<group>"; };
		DAF6146718A9A2060020DC23 /* Cursame.app */ = {isa = PBXFileReference; explicitFileType = wrapper.application; includeInIndex = 0; path = Cursame.app; sourceTree = BUILT_PRODUCTS_DIR; };
		DAF6146A18A9A2060020DC23 /* Foundation.framework */ = {isa = PBXFileReference; lastKnownFileType = wrapper.framework; name = Foundation.framework; path = System/Library/Frameworks/Foundation.framework; sourceTree = SDKROOT; };
		DAF6146C18A9A2060020DC23 /* CoreGraphics.framework */ = {isa = PBXFileReference; lastKnownFileType = wrapper.framework; name = CoreGraphics.framework; path = System/Library/Frameworks/CoreGraphics.framework; sourceTree = SDKROOT; };
		DAF6146E18A9A2060020DC23 /* UIKit.framework */ = {isa = PBXFileReference; lastKnownFileType = wrapper.framework; name = UIKit.framework; path = System/Library/Frameworks/UIKit.framework; sourceTree = SDKROOT; };
		DAF6147218A9A2060020DC23 /* Cursame-Info.plist */ = {isa = PBXFileReference; lastKnownFileType = text.plist.xml; path = "Cursame-Info.plist"; sourceTree = "<group>"; };
		DAF6147418A9A2060020DC23 /* en */ = {isa = PBXFileReference; lastKnownFileType = text.plist.strings; name = en; path = en.lproj/InfoPlist.strings; sourceTree = "<group>"; };
		DAF6147618A9A2060020DC23 /* main.m */ = {isa = PBXFileReference; lastKnownFileType = sourcecode.c.objc; path = main.m; sourceTree = "<group>"; };
		DAF6147818A9A2060020DC23 /* Cursame-Prefix.pch */ = {isa = PBXFileReference; lastKnownFileType = sourcecode.c.h; path = "Cursame-Prefix.pch"; sourceTree = "<group>"; };
		DAF6147918A9A2060020DC23 /* AppDelegate.h */ = {isa = PBXFileReference; lastKnownFileType = sourcecode.c.h; path = AppDelegate.h; sourceTree = "<group>"; };
		DAF6147A18A9A2060020DC23 /* AppDelegate.m */ = {isa = PBXFileReference; lastKnownFileType = sourcecode.c.objc; path = AppDelegate.m; sourceTree = "<group>"; };
		DAF6148518A9A2070020DC23 /* Images.xcassets */ = {isa = PBXFileReference; lastKnownFileType = folder.assetcatalog; path = Images.xcassets; sourceTree = "<group>"; };
		DAF6148B18A9A2070020DC23 /* CursameTests.xctest */ = {isa = PBXFileReference; explicitFileType = wrapper.cfbundle; includeInIndex = 0; path = CursameTests.xctest; sourceTree = BUILT_PRODUCTS_DIR; };
		DAF6148C18A9A2070020DC23 /* XCTest.framework */ = {isa = PBXFileReference; lastKnownFileType = wrapper.framework; name = XCTest.framework; path = Library/Frameworks/XCTest.framework; sourceTree = DEVELOPER_DIR; };
		DAF6149418A9A2070020DC23 /* CursameTests-Info.plist */ = {isa = PBXFileReference; lastKnownFileType = text.plist.xml; path = "CursameTests-Info.plist"; sourceTree = "<group>"; };
		DAF6149618A9A2070020DC23 /* en */ = {isa = PBXFileReference; lastKnownFileType = text.plist.strings; name = en; path = en.lproj/InfoPlist.strings; sourceTree = "<group>"; };
		DAF6149818A9A2070020DC23 /* CursameTests.m */ = {isa = PBXFileReference; lastKnownFileType = sourcecode.c.objc; path = CursameTests.m; sourceTree = "<group>"; };
		DAF614A318AA01D20020DC23 /* en */ = {isa = PBXFileReference; lastKnownFileType = file.storyboard; name = en; path = en.lproj/MainStoryboard_iPad.storyboard; sourceTree = "<group>"; };
		DAF614A518AA01D20020DC23 /* en */ = {isa = PBXFileReference; lastKnownFileType = file.storyboard; name = en; path = en.lproj/MainStoryboard_iPhone.storyboard; sourceTree = "<group>"; };
		DAF614B818AA02050020DC23 /* FriendsViewController.h */ = {isa = PBXFileReference; fileEncoding = 4; lastKnownFileType = sourcecode.c.h; path = FriendsViewController.h; sourceTree = "<group>"; };
		DAF614B918AA02050020DC23 /* FriendsViewController.m */ = {isa = PBXFileReference; fileEncoding = 4; lastKnownFileType = sourcecode.c.objc; path = FriendsViewController.m; sourceTree = "<group>"; };
		DAF614BA18AA02050020DC23 /* HomeViewController.h */ = {isa = PBXFileReference; fileEncoding = 4; lastKnownFileType = sourcecode.c.h; path = HomeViewController.h; sourceTree = "<group>"; };
		DAF614BB18AA02050020DC23 /* HomeViewController.m */ = {isa = PBXFileReference; fileEncoding = 4; lastKnownFileType = sourcecode.c.objc; path = HomeViewController.m; sourceTree = "<group>"; };
		DAF614BC18AA02050020DC23 /* MenuViewController.h */ = {isa = PBXFileReference; fileEncoding = 4; lastKnownFileType = sourcecode.c.h; path = MenuViewController.h; sourceTree = "<group>"; };
		DAF614BD18AA02050020DC23 /* MenuViewController.m */ = {isa = PBXFileReference; fileEncoding = 4; lastKnownFileType = sourcecode.c.objc; path = MenuViewController.m; sourceTree = "<group>"; };
		DAF614BE18AA02050020DC23 /* ProfileDetailViewController.h */ = {isa = PBXFileReference; fileEncoding = 4; lastKnownFileType = sourcecode.c.h; path = ProfileDetailViewController.h; sourceTree = "<group>"; };
		DAF614BF18AA02050020DC23 /* ProfileDetailViewController.m */ = {isa = PBXFileReference; fileEncoding = 4; lastKnownFileType = sourcecode.c.objc; path = ProfileDetailViewController.m; sourceTree = "<group>"; };
		DAF614C018AA02050020DC23 /* ProfileViewController.h */ = {isa = PBXFileReference; fileEncoding = 4; lastKnownFileType = sourcecode.c.h; path = ProfileViewController.h; sourceTree = "<group>"; };
		DAF614C118AA02050020DC23 /* ProfileViewController.m */ = {isa = PBXFileReference; fileEncoding = 4; lastKnownFileType = sourcecode.c.objc; path = ProfileViewController.m; sourceTree = "<group>"; };
		DAF614C918AA02140020DC23 /* SlideNavigationContorllerAnimator.h */ = {isa = PBXFileReference; fileEncoding = 4; lastKnownFileType = sourcecode.c.h; path = SlideNavigationContorllerAnimator.h; sourceTree = "<group>"; };
		DAF614CA18AA02140020DC23 /* SlideNavigationContorllerAnimatorFade.h */ = {isa = PBXFileReference; fileEncoding = 4; lastKnownFileType = sourcecode.c.h; path = SlideNavigationContorllerAnimatorFade.h; sourceTree = "<group>"; };
		DAF614CB18AA02140020DC23 /* SlideNavigationContorllerAnimatorFade.m */ = {isa = PBXFileReference; fileEncoding = 4; lastKnownFileType = sourcecode.c.objc; path = SlideNavigationContorllerAnimatorFade.m; sourceTree = "<group>"; };
		DAF614CC18AA02140020DC23 /* SlideNavigationContorllerAnimatorScale.h */ = {isa = PBXFileReference; fileEncoding = 4; lastKnownFileType = sourcecode.c.h; path = SlideNavigationContorllerAnimatorScale.h; sourceTree = "<group>"; };
		DAF614CD18AA02140020DC23 /* SlideNavigationContorllerAnimatorScale.m */ = {isa = PBXFileReference; fileEncoding = 4; lastKnownFileType = sourcecode.c.objc; path = SlideNavigationContorllerAnimatorScale.m; sourceTree = "<group>"; };
		DAF614CE18AA02140020DC23 /* SlideNavigationContorllerAnimatorScaleAndFade.h */ = {isa = PBXFileReference; fileEncoding = 4; lastKnownFileType = sourcecode.c.h; path = SlideNavigationContorllerAnimatorScaleAndFade.h; sourceTree = "<group>"; };
		DAF614CF18AA02140020DC23 /* SlideNavigationContorllerAnimatorScaleAndFade.m */ = {isa = PBXFileReference; fileEncoding = 4; lastKnownFileType = sourcecode.c.objc; path = SlideNavigationContorllerAnimatorScaleAndFade.m; sourceTree = "<group>"; };
		DAF614D018AA02140020DC23 /* SlideNavigationContorllerAnimatorSlide.h */ = {isa = PBXFileReference; fileEncoding = 4; lastKnownFileType = sourcecode.c.h; path = SlideNavigationContorllerAnimatorSlide.h; sourceTree = "<group>"; };
		DAF614D118AA02140020DC23 /* SlideNavigationContorllerAnimatorSlide.m */ = {isa = PBXFileReference; fileEncoding = 4; lastKnownFileType = sourcecode.c.objc; path = SlideNavigationContorllerAnimatorSlide.m; sourceTree = "<group>"; };
		DAF614D218AA02140020DC23 /* SlideNavigationContorllerAnimatorSlideAndFade.h */ = {isa = PBXFileReference; fileEncoding = 4; lastKnownFileType = sourcecode.c.h; path = SlideNavigationContorllerAnimatorSlideAndFade.h; sourceTree = "<group>"; };
		DAF614D318AA02140020DC23 /* SlideNavigationContorllerAnimatorSlideAndFade.m */ = {isa = PBXFileReference; fileEncoding = 4; lastKnownFileType = sourcecode.c.objc; path = SlideNavigationContorllerAnimatorSlideAndFade.m; sourceTree = "<group>"; };
		DAF614D518AA02140020DC23 /* menu-button.png */ = {isa = PBXFileReference; lastKnownFileType = image.png; path = "menu-button.png"; sourceTree = "<group>"; };
		DAF614D618AA02140020DC23 /* menu-button@2x.png */ = {isa = PBXFileReference; lastKnownFileType = image.png; path = "menu-button@2x.png"; sourceTree = "<group>"; };
		DAF614D718AA02140020DC23 /* SlideNavigationController.h */ = {isa = PBXFileReference; fileEncoding = 4; lastKnownFileType = sourcecode.c.h; path = SlideNavigationController.h; sourceTree = "<group>"; };
		DAF614D818AA02140020DC23 /* SlideNavigationController.m */ = {isa = PBXFileReference; fileEncoding = 4; lastKnownFileType = sourcecode.c.objc; path = SlideNavigationController.m; sourceTree = "<group>"; };
		DAF614E118AA02840020DC23 /* QuartzCore.framework */ = {isa = PBXFileReference; lastKnownFileType = wrapper.framework; name = QuartzCore.framework; path = System/Library/Frameworks/QuartzCore.framework; sourceTree = SDKROOT; };
		DAF614E318AAD7EC0020DC23 /* LoginViewController.h */ = {isa = PBXFileReference; fileEncoding = 4; lastKnownFileType = sourcecode.c.h; path = LoginViewController.h; sourceTree = "<group>"; };
		DAF614E418AAD7EC0020DC23 /* LoginViewController.m */ = {isa = PBXFileReference; fileEncoding = 4; lastKnownFileType = sourcecode.c.objc; path = LoginViewController.m; sourceTree = "<group>"; };
/* End PBXFileReference section */

/* Begin PBXFrameworksBuildPhase section */
		DAF6146418A9A2060020DC23 /* Frameworks */ = {
			isa = PBXFrameworksBuildPhase;
			buildActionMask = 2147483647;
			files = (
				DAF614E218AA02840020DC23 /* QuartzCore.framework in Frameworks */,
				DAF6146D18A9A2060020DC23 /* CoreGraphics.framework in Frameworks */,
				DAF6146F18A9A2060020DC23 /* UIKit.framework in Frameworks */,
				DAF6146B18A9A2060020DC23 /* Foundation.framework in Frameworks */,
			);
			runOnlyForDeploymentPostprocessing = 0;
		};
		DAF6148818A9A2070020DC23 /* Frameworks */ = {
			isa = PBXFrameworksBuildPhase;
			buildActionMask = 2147483647;
			files = (
				DAF6148D18A9A2070020DC23 /* XCTest.framework in Frameworks */,
				DAF6148F18A9A2070020DC23 /* UIKit.framework in Frameworks */,
				DAF6148E18A9A2070020DC23 /* Foundation.framework in Frameworks */,
			);
			runOnlyForDeploymentPostprocessing = 0;
		};
/* End PBXFrameworksBuildPhase section */

/* Begin PBXGroup section */
		DA0833E118C040EE00C9E9E5 /* JSONKit */ = {
			isa = PBXGroup;
			children = (
				DA0833E218C040FA00C9E9E5 /* JSONKit.h */,
				DA0833E318C040FA00C9E9E5 /* JSONKit.m */,
			);
			name = JSONKit;
			sourceTree = "<group>";
		};
		DAB4A13C18C594C00028FA1B /* Feed */ = {
			isa = PBXGroup;
			children = (
				DAB4A13D18C594C00028FA1B /* Avatar.h */,
				DAB4A13E18C594C00028FA1B /* Avatar.m */,
				DAB4A13F18C594C00028FA1B /* Comments.h */,
				DAB4A14018C594C00028FA1B /* Comments.m */,
				DAB4A14118C594C00028FA1B /* Compress.h */,
				DAB4A14218C594C00028FA1B /* Compress.m */,
				DAB4A14318C594C00028FA1B /* CourseIndex.h */,
				DAB4A14418C594C00028FA1B /* CourseIndex.m */,
				DAB4A14518C594C00028FA1B /* Courses.h */,
				DAB4A14618C594C00028FA1B /* Courses.m */,
				DAB4A14718C594C00028FA1B /* Coverphoto.h */,
				DAB4A14818C594C00028FA1B /* Coverphoto.m */,
				DAB4A14918C594C00028FA1B /* DataModels.h */,
				DAB4A14A18C594C00028FA1B /* Expanded.h */,
				DAB4A14B18C594C00028FA1B /* Expanded.m */,
				DAB4A14C18C594C00028FA1B /* Feed.h */,
				DAB4A14D18C594C00028FA1B /* Feed.m */,
				DAB4A14E18C594C00028FA1B /* Head.h */,
				DAB4A14F18C594C00028FA1B /* Head.m */,
				DAB4A15018C594C00028FA1B /* ImageFront.h */,
				DAB4A15118C594C00028FA1B /* ImageFront.m */,
				DAB4A15218C594C00028FA1B /* Likes.h */,
				DAB4A15318C594C00028FA1B /* Likes.m */,
				DAB4A15418C594C00028FA1B /* Logo.h */,
				DAB4A15518C594C00028FA1B /* Logo.m */,
				DAB4A15618C594C00028FA1B /* Mini.h */,
				DAB4A15718C594C00028FA1B /* Mini.m */,
				DAB4A15818C594C00028FA1B /* Modern.h */,
				DAB4A15918C594C00028FA1B /* Modern.m */,
				DAB4A15A18C594C00028FA1B /* Mosaic.h */,
				DAB4A15B18C594C00028FA1B /* Mosaic.m */,
				DAB4A15C18C594C00028FA1B /* Network.h */,
				DAB4A15D18C594C00028FA1B /* Network.m */,
				DAB4A15E18C594C00028FA1B /* Profile.h */,
				DAB4A15F18C594C00028FA1B /* Profile.m */,
				DAB4A16018C594C00028FA1B /* Publication.h */,
				DAB4A16118C594C00028FA1B /* Publication.m */,
				DAB4A16218C594C00028FA1B /* Publications.h */,
				DAB4A16318C594C00028FA1B /* Publications.m */,
				DAB4A16418C594C00028FA1B /* Response.h */,
				DAB4A16518C594C00028FA1B /* Response.m */,
				DAB4A16618C594C00028FA1B /* Square.h */,
				DAB4A16718C594C00028FA1B /* Square.m */,
				DAB4A16818C594C00028FA1B /* User.h */,
				DAB4A16918C594C00028FA1B /* User.m */,
				DAB4A16A18C594C00028FA1B /* Users.h */,
				DAB4A16B18C594C00028FA1B /* Users.m */,
			);
			path = Feed;
			sourceTree = "<group>";
		};
		DAB4A16C18C594C00028FA1B /* Home */ = {
			isa = PBXGroup;
			children = (
				DAB4A16D18C594C00028FA1B /* CursameAvatar.h */,
				DAB4A16E18C594C00028FA1B /* CursameAvatar.m */,
				DAB4A16F18C594C00028FA1B /* CursameBaseClass.h */,
				DAB4A17018C594C00028FA1B /* CursameBaseClass.m */,
				DAB4A17118C594C00028FA1B /* CursameChannel.h */,
				DAB4A17218C594C00028FA1B /* CursameChannel.m */,
				DAB4A17318C594C00028FA1B /* CursameCompress.h */,
				DAB4A17418C594C00028FA1B /* CursameCompress.m */,
				DAB4A17518C594C00028FA1B /* CursameCourseIndex.h */,
				DAB4A17618C594C00028FA1B /* CursameCourseIndex.m */,
				DAB4A17718C594C00028FA1B /* CursameCoverphoto.h */,
				DAB4A17818C594C00028FA1B /* CursameCoverphoto.m */,
				DAB4A17918C594C00028FA1B /* CursameExpanded.h */,
				DAB4A17A18C594C00028FA1B /* CursameExpanded.m */,
				DAB4A17B18C594C00028FA1B /* CursameHead.h */,
				DAB4A17C18C594C10028FA1B /* CursameHead.m */,
				DAB4A17D18C594C10028FA1B /* CursameImageFront.h */,
				DAB4A17E18C594C10028FA1B /* CursameImageFront.m */,
				DAB4A17F18C594C10028FA1B /* CursameLogo.h */,
				DAB4A18018C594C10028FA1B /* CursameMini.h */,
				DAB4A18118C594C10028FA1B /* CursameMini.m */,
				DAB4A18218C594C10028FA1B /* CursameModern.h */,
				DAB4A18318C594C10028FA1B /* CursameModern.m */,
				DAB4A18418C594C10028FA1B /* CursameMosaic.h */,
				DAB4A18518C594C10028FA1B /* CursameMosaic.m */,
				DAB4A18618C594C10028FA1B /* CursameNetworks.h */,
				DAB4A18718C594C10028FA1B /* CursameNetworks.m */,
				DAB4A18818C594C10028FA1B /* CursameNotifications.h */,
				DAB4A18918C594C10028FA1B /* CursameNotifications.m */,
				DAB4A18A18C594C10028FA1B /* CursameProfile.h */,
				DAB4A18B18C594C10028FA1B /* CursameProfile.m */,
				DAB4A18C18C594C10028FA1B /* CursameResponse.h */,
				DAB4A18D18C594C10028FA1B /* CursameResponse.m */,
				DAB4A18E18C594C10028FA1B /* CursameRoles.h */,
				DAB4A18F18C594C10028FA1B /* CursameRoles.m */,
				DAB4A19018C594C10028FA1B /* CursameSquare.h */,
				DAB4A19118C594C10028FA1B /* CursameSquare.m */,
				DAB4A19218C594C10028FA1B /* CursameUser.h */,
				DAB4A19318C594C10028FA1B /* CursameUser.m */,
			);
			path = Home;
			sourceTree = "<group>";
		};
		DAF045F018B04DE2008C58AF /* Third Party */ = {
			isa = PBXGroup;
			children = (
				DA0833E118C040EE00C9E9E5 /* JSONKit */,
				DAF045F518B04E1D008C58AF /* MBProgressHUD */,
				DAF045F118B04DF4008C58AF /* Slide Navigation */,
			);
			name = "Third Party";
			sourceTree = "<group>";
		};
		DAF045F118B04DF4008C58AF /* Slide Navigation */ = {
			isa = PBXGroup;
			children = (
				DAF614C718AA02140020DC23 /* Source */,
			);
			name = "Slide Navigation";
			sourceTree = "<group>";
		};
		DAF045F518B04E1D008C58AF /* MBProgressHUD */ = {
			isa = PBXGroup;
			children = (
				DAF045F218B04E12008C58AF /* MBProgressHUD.h */,
				DAF045F318B04E12008C58AF /* MBProgressHUD.m */,
			);
			name = MBProgressHUD;
			sourceTree = "<group>";
		};
		DAF0463018B170B6008C58AF /* JSON */ = {
			isa = PBXGroup;
			children = (
				DAB4A13C18C594C00028FA1B /* Feed */,
				DAB4A16C18C594C00028FA1B /* Home */,
			);
			name = JSON;
			sourceTree = "<group>";
		};
		DAF6145E18A9A2060020DC23 = {
			isa = PBXGroup;
			children = (
				DAF6147018A9A2060020DC23 /* Cursame */,
				DAF6149218A9A2070020DC23 /* CursameTests */,
				DAF6146918A9A2060020DC23 /* Frameworks */,
				DAF6146818A9A2060020DC23 /* Products */,
			);
			sourceTree = "<group>";
		};
		DAF6146818A9A2060020DC23 /* Products */ = {
			isa = PBXGroup;
			children = (
				DAF6146718A9A2060020DC23 /* Cursame.app */,
				DAF6148B18A9A2070020DC23 /* CursameTests.xctest */,
			);
			name = Products;
			sourceTree = "<group>";
		};
		DAF6146918A9A2060020DC23 /* Frameworks */ = {
			isa = PBXGroup;
			children = (
				DAF614E118AA02840020DC23 /* QuartzCore.framework */,
				DAF6146A18A9A2060020DC23 /* Foundation.framework */,
				DAF6146C18A9A2060020DC23 /* CoreGraphics.framework */,
				DAF6146E18A9A2060020DC23 /* UIKit.framework */,
				DAF6148C18A9A2070020DC23 /* XCTest.framework */,
			);
			name = Frameworks;
			sourceTree = "<group>";
		};
		DAF6147018A9A2060020DC23 /* Cursame */ = {
			isa = PBXGroup;
			children = (
				DAF0463018B170B6008C58AF /* JSON */,
				DAF6147918A9A2060020DC23 /* AppDelegate.h */,
				DAF6147A18A9A2060020DC23 /* AppDelegate.m */,
				DAF045EF18AC396B008C58AF /* Constants.h */,
				DAF045F018B04DE2008C58AF /* Third Party */,
				DAF614B718AA02050020DC23 /* Helper Classes */,
				DAF6148518A9A2070020DC23 /* Images.xcassets */,
				DAF614D418AA02140020DC23 /* Assets */,
				DAF6147118A9A2060020DC23 /* Supporting Files */,
			);
			path = Cursame;
			sourceTree = "<group>";
		};
		DAF6147118A9A2060020DC23 /* Supporting Files */ = {
			isa = PBXGroup;
			children = (
				DAF614A218AA01D20020DC23 /* MainStoryboard_iPad.storyboard */,
				DAF614A418AA01D20020DC23 /* MainStoryboard_iPhone.storyboard */,
				DAF6147218A9A2060020DC23 /* Cursame-Info.plist */,
				DAF6147318A9A2060020DC23 /* InfoPlist.strings */,
				DAF6147618A9A2060020DC23 /* main.m */,
				DAF6147818A9A2060020DC23 /* Cursame-Prefix.pch */,
			);
			name = "Supporting Files";
			sourceTree = "<group>";
		};
		DAF6149218A9A2070020DC23 /* CursameTests */ = {
			isa = PBXGroup;
			children = (
				DAF6149818A9A2070020DC23 /* CursameTests.m */,
				DAF6149318A9A2070020DC23 /* Supporting Files */,
			);
			path = CursameTests;
			sourceTree = "<group>";
		};
		DAF6149318A9A2070020DC23 /* Supporting Files */ = {
			isa = PBXGroup;
			children = (
				DAF6149418A9A2070020DC23 /* CursameTests-Info.plist */,
				DAF6149518A9A2070020DC23 /* InfoPlist.strings */,
			);
			name = "Supporting Files";
			sourceTree = "<group>";
		};
		DAF614B718AA02050020DC23 /* Helper Classes */ = {
			isa = PBXGroup;
			children = (
				DAF614B818AA02050020DC23 /* FriendsViewController.h */,
				DAF614B918AA02050020DC23 /* FriendsViewController.m */,
				DAF614BA18AA02050020DC23 /* HomeViewController.h */,
				DAF614BB18AA02050020DC23 /* HomeViewController.m */,
				DAF614BC18AA02050020DC23 /* MenuViewController.h */,
				DAF614BD18AA02050020DC23 /* MenuViewController.m */,
				DAF614BE18AA02050020DC23 /* ProfileDetailViewController.h */,
				DAF614BF18AA02050020DC23 /* ProfileDetailViewController.m */,
				DAF614C018AA02050020DC23 /* ProfileViewController.h */,
				DAF614C118AA02050020DC23 /* ProfileViewController.m */,
				DAF614E318AAD7EC0020DC23 /* LoginViewController.h */,
				DAF614E418AAD7EC0020DC23 /* LoginViewController.m */,
			);
			path = "Helper Classes";
			sourceTree = "<group>";
		};
		DAF614C718AA02140020DC23 /* Source */ = {
			isa = PBXGroup;
			children = (
				DAF614C818AA02140020DC23 /* Animations */,
				DAF614D718AA02140020DC23 /* SlideNavigationController.h */,
				DAF614D818AA02140020DC23 /* SlideNavigationController.m */,
			);
			path = Source;
			sourceTree = "<group>";
		};
		DAF614C818AA02140020DC23 /* Animations */ = {
			isa = PBXGroup;
			children = (
				DAF614C918AA02140020DC23 /* SlideNavigationContorllerAnimator.h */,
				DAF614CA18AA02140020DC23 /* SlideNavigationContorllerAnimatorFade.h */,
				DAF614CB18AA02140020DC23 /* SlideNavigationContorllerAnimatorFade.m */,
				DAF614CC18AA02140020DC23 /* SlideNavigationContorllerAnimatorScale.h */,
				DAF614CD18AA02140020DC23 /* SlideNavigationContorllerAnimatorScale.m */,
				DAF614CE18AA02140020DC23 /* SlideNavigationContorllerAnimatorScaleAndFade.h */,
				DAF614CF18AA02140020DC23 /* SlideNavigationContorllerAnimatorScaleAndFade.m */,
				DAF614D018AA02140020DC23 /* SlideNavigationContorllerAnimatorSlide.h */,
				DAF614D118AA02140020DC23 /* SlideNavigationContorllerAnimatorSlide.m */,
				DAF614D218AA02140020DC23 /* SlideNavigationContorllerAnimatorSlideAndFade.h */,
				DAF614D318AA02140020DC23 /* SlideNavigationContorllerAnimatorSlideAndFade.m */,
			);
			path = Animations;
			sourceTree = "<group>";
		};
		DAF614D418AA02140020DC23 /* Assets */ = {
			isa = PBXGroup;
			children = (
				DAF614D518AA02140020DC23 /* menu-button.png */,
				DAF614D618AA02140020DC23 /* menu-button@2x.png */,
			);
			name = Assets;
			path = Source/Assets;
			sourceTree = "<group>";
		};
/* End PBXGroup section */

/* Begin PBXNativeTarget section */
		DAF6146618A9A2060020DC23 /* Cursame */ = {
			isa = PBXNativeTarget;
			buildConfigurationList = DAF6149C18A9A2070020DC23 /* Build configuration list for PBXNativeTarget "Cursame" */;
			buildPhases = (
				DAF6146318A9A2060020DC23 /* Sources */,
				DAF6146418A9A2060020DC23 /* Frameworks */,
				DAF6146518A9A2060020DC23 /* Resources */,
			);
			buildRules = (
			);
			dependencies = (
			);
			name = Cursame;
			productName = Cursame;
			productReference = DAF6146718A9A2060020DC23 /* Cursame.app */;
			productType = "com.apple.product-type.application";
		};
		DAF6148A18A9A2070020DC23 /* CursameTests */ = {
			isa = PBXNativeTarget;
			buildConfigurationList = DAF6149F18A9A2070020DC23 /* Build configuration list for PBXNativeTarget "CursameTests" */;
			buildPhases = (
				DAF6148718A9A2070020DC23 /* Sources */,
				DAF6148818A9A2070020DC23 /* Frameworks */,
				DAF6148918A9A2070020DC23 /* Resources */,
			);
			buildRules = (
			);
			dependencies = (
				DAF6149118A9A2070020DC23 /* PBXTargetDependency */,
			);
			name = CursameTests;
			productName = CursameTests;
			productReference = DAF6148B18A9A2070020DC23 /* CursameTests.xctest */;
			productType = "com.apple.product-type.bundle.unit-test";
		};
/* End PBXNativeTarget section */

/* Begin PBXProject section */
		DAF6145F18A9A2060020DC23 /* Project object */ = {
			isa = PBXProject;
			attributes = {
				LastUpgradeCheck = 0500;
				ORGANIZATIONNAME = "Gerardo Quintanar Morales";
				TargetAttributes = {
					DAF6148A18A9A2070020DC23 = {
						TestTargetID = DAF6146618A9A2060020DC23;
					};
				};
			};
			buildConfigurationList = DAF6146218A9A2060020DC23 /* Build configuration list for PBXProject "Cursame" */;
			compatibilityVersion = "Xcode 3.2";
			developmentRegion = English;
			hasScannedForEncodings = 0;
			knownRegions = (
				en,
				Base,
			);
			mainGroup = DAF6145E18A9A2060020DC23;
			productRefGroup = DAF6146818A9A2060020DC23 /* Products */;
			projectDirPath = "";
			projectRoot = "";
			targets = (
				DAF6146618A9A2060020DC23 /* Cursame */,
				DAF6148A18A9A2070020DC23 /* CursameTests */,
			);
		};
/* End PBXProject section */

/* Begin PBXResourcesBuildPhase section */
		DAF6146518A9A2060020DC23 /* Resources */ = {
			isa = PBXResourcesBuildPhase;
			buildActionMask = 2147483647;
			files = (
				DAF614A618AA01D20020DC23 /* MainStoryboard_iPad.storyboard in Resources */,
				DAF614DE18AA02140020DC23 /* menu-button.png in Resources */,
				DAF6148618A9A2070020DC23 /* Images.xcassets in Resources */,
				DAF614A718AA01D20020DC23 /* MainStoryboard_iPhone.storyboard in Resources */,
				DAF6147518A9A2060020DC23 /* InfoPlist.strings in Resources */,
				DAF614DF18AA02140020DC23 /* menu-button@2x.png in Resources */,
			);
			runOnlyForDeploymentPostprocessing = 0;
		};
		DAF6148918A9A2070020DC23 /* Resources */ = {
			isa = PBXResourcesBuildPhase;
			buildActionMask = 2147483647;
			files = (
				DAF6149718A9A2070020DC23 /* InfoPlist.strings in Resources */,
			);
			runOnlyForDeploymentPostprocessing = 0;
		};
/* End PBXResourcesBuildPhase section */

/* Begin PBXSourcesBuildPhase section */
		DAF6146318A9A2060020DC23 /* Sources */ = {
			isa = PBXSourcesBuildPhase;
			buildActionMask = 2147483647;
			files = (
				DAB4A1A418C594C10028FA1B /* Profile.m in Sources */,
				DAB4A1B518C594C10028FA1B /* CursameModern.m in Sources */,
				DAB4A1A118C594C10028FA1B /* Modern.m in Sources */,
				DAF614C218AA02050020DC23 /* FriendsViewController.m in Sources */,
				DAB4A19718C594C10028FA1B /* CourseIndex.m in Sources */,
				DAB4A1B718C594C10028FA1B /* CursameNetworks.m in Sources */,
				DAB4A1B918C594C10028FA1B /* CursameProfile.m in Sources */,
				DAF6147B18A9A2060020DC23 /* AppDelegate.m in Sources */,
				DAB4A1BA18C594C10028FA1B /* CursameResponse.m in Sources */,
				DAF614DD18AA02140020DC23 /* SlideNavigationContorllerAnimatorSlideAndFade.m in Sources */,
				DAB4A1BC18C594C10028FA1B /* CursameSquare.m in Sources */,
				DAF614D918AA02140020DC23 /* SlideNavigationContorllerAnimatorFade.m in Sources */,
				DAB4A19C18C594C10028FA1B /* Head.m in Sources */,
				DA0833E418C040FA00C9E9E5 /* JSONKit.m in Sources */,
				DAB4A19D18C594C10028FA1B /* ImageFront.m in Sources */,
				DAB4A1BB18C594C10028FA1B /* CursameRoles.m in Sources */,
				DAB4A1A518C594C10028FA1B /* Publication.m in Sources */,
				DAB4A19918C594C10028FA1B /* Coverphoto.m in Sources */,
				DAB4A1AA18C594C10028FA1B /* Users.m in Sources */,
				DAF614E518AAD7EC0020DC23 /* LoginViewController.m in Sources */,
				DAF6147718A9A2060020DC23 /* main.m in Sources */,
				DAB4A19518C594C10028FA1B /* Comments.m in Sources */,
				DAB4A1AF18C594C10028FA1B /* CursameCourseIndex.m in Sources */,
				DAF614DA18AA02140020DC23 /* SlideNavigationContorllerAnimatorScale.m in Sources */,
				DAB4A1A318C594C10028FA1B /* Network.m in Sources */,
				DAB4A19A18C594C10028FA1B /* Expanded.m in Sources */,
				DAB4A1A018C594C10028FA1B /* Mini.m in Sources */,
				DAB4A1AE18C594C10028FA1B /* CursameCompress.m in Sources */,
				DAF045F418B04E12008C58AF /* MBProgressHUD.m in Sources */,
				DAB4A1A218C594C10028FA1B /* Mosaic.m in Sources */,
				DAB4A19E18C594C10028FA1B /* Likes.m in Sources */,
				DAB4A1BD18C594C10028FA1B /* CursameUser.m in Sources */,
				DAB4A1B818C594C10028FA1B /* CursameNotifications.m in Sources */,
				DAF614DB18AA02140020DC23 /* SlideNavigationContorllerAnimatorScaleAndFade.m in Sources */,
				DAF614DC18AA02140020DC23 /* SlideNavigationContorllerAnimatorSlide.m in Sources */,
				DAB4A1B118C594C10028FA1B /* CursameExpanded.m in Sources */,
				DAB4A1AB18C594C10028FA1B /* CursameAvatar.m in Sources */,
				DAB4A1A718C594C10028FA1B /* Response.m in Sources */,
				DAB4A19818C594C10028FA1B /* Courses.m in Sources */,
				DAB4A1AD18C594C10028FA1B /* CursameChannel.m in Sources */,
				DAB4A19618C594C10028FA1B /* Compress.m in Sources */,
				DAB4A1B218C594C10028FA1B /* CursameHead.m in Sources */,
				DAF614E018AA02140020DC23 /* SlideNavigationController.m in Sources */,
				DAB4A1A618C594C10028FA1B /* Publications.m in Sources */,
				DAF614C518AA02050020DC23 /* ProfileDetailViewController.m in Sources */,
				DAB4A19F18C594C10028FA1B /* Logo.m in Sources */,
				DAF614C618AA02050020DC23 /* ProfileViewController.m in Sources */,
				DAF614C318AA02050020DC23 /* HomeViewController.m in Sources */,
				DAB4A19B18C594C10028FA1B /* Feed.m in Sources */,
				DAB4A1A918C594C10028FA1B /* User.m in Sources */,
				DAB4A1B318C594C10028FA1B /* CursameImageFront.m in Sources */,
				DAB4A1B618C594C10028FA1B /* CursameMosaic.m in Sources */,
				DAF614C418AA02050020DC23 /* MenuViewController.m in Sources */,
				DAB4A1AC18C594C10028FA1B /* CursameBaseClass.m in Sources */,
				DAB4A1B418C594C10028FA1B /* CursameMini.m in Sources */,
				DAB4A1B018C594C10028FA1B /* CursameCoverphoto.m in Sources */,
				DAB4A19418C594C10028FA1B /* Avatar.m in Sources */,
				DAB4A1A818C594C10028FA1B /* Square.m in Sources */,
			);
			runOnlyForDeploymentPostprocessing = 0;
		};
		DAF6148718A9A2070020DC23 /* Sources */ = {
			isa = PBXSourcesBuildPhase;
			buildActionMask = 2147483647;
			files = (
				DAF6149918A9A2070020DC23 /* CursameTests.m in Sources */,
			);
			runOnlyForDeploymentPostprocessing = 0;
		};
/* End PBXSourcesBuildPhase section */

/* Begin PBXTargetDependency section */
		DAF6149118A9A2070020DC23 /* PBXTargetDependency */ = {
			isa = PBXTargetDependency;
			target = DAF6146618A9A2060020DC23 /* Cursame */;
			targetProxy = DAF6149018A9A2070020DC23 /* PBXContainerItemProxy */;
		};
/* End PBXTargetDependency section */

/* Begin PBXVariantGroup section */
		DAF6147318A9A2060020DC23 /* InfoPlist.strings */ = {
			isa = PBXVariantGroup;
			children = (
				DAF6147418A9A2060020DC23 /* en */,
			);
			name = InfoPlist.strings;
			sourceTree = "<group>";
		};
		DAF6149518A9A2070020DC23 /* InfoPlist.strings */ = {
			isa = PBXVariantGroup;
			children = (
				DAF6149618A9A2070020DC23 /* en */,
			);
			name = InfoPlist.strings;
			sourceTree = "<group>";
		};
		DAF614A218AA01D20020DC23 /* MainStoryboard_iPad.storyboard */ = {
			isa = PBXVariantGroup;
			children = (
				DAF614A318AA01D20020DC23 /* en */,
			);
			name = MainStoryboard_iPad.storyboard;
			sourceTree = "<group>";
		};
		DAF614A418AA01D20020DC23 /* MainStoryboard_iPhone.storyboard */ = {
			isa = PBXVariantGroup;
			children = (
				DAF614A518AA01D20020DC23 /* en */,
			);
			name = MainStoryboard_iPhone.storyboard;
			sourceTree = "<group>";
		};
/* End PBXVariantGroup section */

/* Begin XCBuildConfiguration section */
		DAF6149A18A9A2070020DC23 /* Debug */ = {
			isa = XCBuildConfiguration;
			buildSettings = {
				ALWAYS_SEARCH_USER_PATHS = NO;
				ARCHS = "$(ARCHS_STANDARD_INCLUDING_64_BIT)";
				CLANG_CXX_LANGUAGE_STANDARD = "gnu++0x";
				CLANG_CXX_LIBRARY = "libc++";
				CLANG_ENABLE_MODULES = YES;
				CLANG_ENABLE_OBJC_ARC = YES;
				CLANG_WARN_BOOL_CONVERSION = YES;
				CLANG_WARN_CONSTANT_CONVERSION = YES;
				CLANG_WARN_DIRECT_OBJC_ISA_USAGE = YES_ERROR;
				CLANG_WARN_EMPTY_BODY = YES;
				CLANG_WARN_ENUM_CONVERSION = YES;
				CLANG_WARN_INT_CONVERSION = YES;
				CLANG_WARN_OBJC_ROOT_CLASS = YES_ERROR;
				CLANG_WARN__DUPLICATE_METHOD_MATCH = YES;
				"CODE_SIGN_IDENTITY[sdk=iphoneos*]" = "iPhone Developer";
				COPY_PHASE_STRIP = NO;
				GCC_C_LANGUAGE_STANDARD = gnu99;
				GCC_DYNAMIC_NO_PIC = NO;
				GCC_OPTIMIZATION_LEVEL = 0;
				GCC_PREPROCESSOR_DEFINITIONS = (
					"DEBUG=1",
					"$(inherited)",
				);
				GCC_SYMBOLS_PRIVATE_EXTERN = NO;
				GCC_WARN_64_TO_32_BIT_CONVERSION = YES;
				GCC_WARN_ABOUT_RETURN_TYPE = YES_ERROR;
				GCC_WARN_UNDECLARED_SELECTOR = YES;
				GCC_WARN_UNINITIALIZED_AUTOS = YES;
				GCC_WARN_UNUSED_FUNCTION = YES;
				GCC_WARN_UNUSED_VARIABLE = YES;
				IPHONEOS_DEPLOYMENT_TARGET = 7.0;
				ONLY_ACTIVE_ARCH = YES;
				SDKROOT = iphoneos;
				TARGETED_DEVICE_FAMILY = "1,2";
			};
			name = Debug;
		};
		DAF6149B18A9A2070020DC23 /* Release */ = {
			isa = XCBuildConfiguration;
			buildSettings = {
				ALWAYS_SEARCH_USER_PATHS = NO;
				ARCHS = "$(ARCHS_STANDARD_INCLUDING_64_BIT)";
				CLANG_CXX_LANGUAGE_STANDARD = "gnu++0x";
				CLANG_CXX_LIBRARY = "libc++";
				CLANG_ENABLE_MODULES = YES;
				CLANG_ENABLE_OBJC_ARC = YES;
				CLANG_WARN_BOOL_CONVERSION = YES;
				CLANG_WARN_CONSTANT_CONVERSION = YES;
				CLANG_WARN_DIRECT_OBJC_ISA_USAGE = YES_ERROR;
				CLANG_WARN_EMPTY_BODY = YES;
				CLANG_WARN_ENUM_CONVERSION = YES;
				CLANG_WARN_INT_CONVERSION = YES;
				CLANG_WARN_OBJC_ROOT_CLASS = YES_ERROR;
				CLANG_WARN__DUPLICATE_METHOD_MATCH = YES;
				"CODE_SIGN_IDENTITY[sdk=iphoneos*]" = "iPhone Developer";
				COPY_PHASE_STRIP = YES;
				ENABLE_NS_ASSERTIONS = NO;
				GCC_C_LANGUAGE_STANDARD = gnu99;
				GCC_WARN_64_TO_32_BIT_CONVERSION = YES;
				GCC_WARN_ABOUT_RETURN_TYPE = YES_ERROR;
				GCC_WARN_UNDECLARED_SELECTOR = YES;
				GCC_WARN_UNINITIALIZED_AUTOS = YES;
				GCC_WARN_UNUSED_FUNCTION = YES;
				GCC_WARN_UNUSED_VARIABLE = YES;
				IPHONEOS_DEPLOYMENT_TARGET = 7.0;
				SDKROOT = iphoneos;
				TARGETED_DEVICE_FAMILY = "1,2";
				VALIDATE_PRODUCT = YES;
			};
			name = Release;
		};
		DAF6149D18A9A2070020DC23 /* Debug */ = {
			isa = XCBuildConfiguration;
			buildSettings = {
				ASSETCATALOG_COMPILER_APPICON_NAME = AppIcon;
				ASSETCATALOG_COMPILER_LAUNCHIMAGE_NAME = LaunchImage;
				GCC_PRECOMPILE_PREFIX_HEADER = YES;
				GCC_PREFIX_HEADER = "Cursame/Cursame-Prefix.pch";
				INFOPLIST_FILE = "Cursame/Cursame-Info.plist";
				PRODUCT_NAME = "$(TARGET_NAME)";
				WRAPPER_EXTENSION = app;
			};
			name = Debug;
		};
		DAF6149E18A9A2070020DC23 /* Release */ = {
			isa = XCBuildConfiguration;
			buildSettings = {
				ASSETCATALOG_COMPILER_APPICON_NAME = AppIcon;
				ASSETCATALOG_COMPILER_LAUNCHIMAGE_NAME = LaunchImage;
				GCC_PRECOMPILE_PREFIX_HEADER = YES;
				GCC_PREFIX_HEADER = "Cursame/Cursame-Prefix.pch";
				INFOPLIST_FILE = "Cursame/Cursame-Info.plist";
				PRODUCT_NAME = "$(TARGET_NAME)";
				WRAPPER_EXTENSION = app;
			};
			name = Release;
		};
		DAF614A018A9A2070020DC23 /* Debug */ = {
			isa = XCBuildConfiguration;
			buildSettings = {
				ARCHS = "$(ARCHS_STANDARD_INCLUDING_64_BIT)";
				BUNDLE_LOADER = "$(BUILT_PRODUCTS_DIR)/Cursame.app/Cursame";
				FRAMEWORK_SEARCH_PATHS = (
					"$(SDKROOT)/Developer/Library/Frameworks",
					"$(inherited)",
					"$(DEVELOPER_FRAMEWORKS_DIR)",
				);
				GCC_PRECOMPILE_PREFIX_HEADER = YES;
				GCC_PREFIX_HEADER = "Cursame/Cursame-Prefix.pch";
				GCC_PREPROCESSOR_DEFINITIONS = (
					"DEBUG=1",
					"$(inherited)",
				);
				INFOPLIST_FILE = "CursameTests/CursameTests-Info.plist";
				PRODUCT_NAME = "$(TARGET_NAME)";
				TEST_HOST = "$(BUNDLE_LOADER)";
				WRAPPER_EXTENSION = xctest;
			};
			name = Debug;
		};
		DAF614A118A9A2070020DC23 /* Release */ = {
			isa = XCBuildConfiguration;
			buildSettings = {
				ARCHS = "$(ARCHS_STANDARD_INCLUDING_64_BIT)";
				BUNDLE_LOADER = "$(BUILT_PRODUCTS_DIR)/Cursame.app/Cursame";
				FRAMEWORK_SEARCH_PATHS = (
					"$(SDKROOT)/Developer/Library/Frameworks",
					"$(inherited)",
					"$(DEVELOPER_FRAMEWORKS_DIR)",
				);
				GCC_PRECOMPILE_PREFIX_HEADER = YES;
				GCC_PREFIX_HEADER = "Cursame/Cursame-Prefix.pch";
				INFOPLIST_FILE = "CursameTests/CursameTests-Info.plist";
				PRODUCT_NAME = "$(TARGET_NAME)";
				TEST_HOST = "$(BUNDLE_LOADER)";
				WRAPPER_EXTENSION = xctest;
			};
			name = Release;
		};
/* End XCBuildConfiguration section */

/* Begin XCConfigurationList section */
		DAF6146218A9A2060020DC23 /* Build configuration list for PBXProject "Cursame" */ = {
			isa = XCConfigurationList;
			buildConfigurations = (
				DAF6149A18A9A2070020DC23 /* Debug */,
				DAF6149B18A9A2070020DC23 /* Release */,
			);
			defaultConfigurationIsVisible = 0;
			defaultConfigurationName = Release;
		};
		DAF6149C18A9A2070020DC23 /* Build configuration list for PBXNativeTarget "Cursame" */ = {
			isa = XCConfigurationList;
			buildConfigurations = (
				DAF6149D18A9A2070020DC23 /* Debug */,
				DAF6149E18A9A2070020DC23 /* Release */,
			);
			defaultConfigurationIsVisible = 0;
			defaultConfigurationName = Release;
		};
		DAF6149F18A9A2070020DC23 /* Build configuration list for PBXNativeTarget "CursameTests" */ = {
			isa = XCConfigurationList;
			buildConfigurations = (
				DAF614A018A9A2070020DC23 /* Debug */,
				DAF614A118A9A2070020DC23 /* Release */,
			);
			defaultConfigurationIsVisible = 0;
			defaultConfigurationName = Release;
		};
/* End XCConfigurationList section */
	};
	rootObject = DAF6145F18A9A2060020DC23 /* Project object */;
}
